// !$*UTF8*$!
{
	archiveVersion = 1;
	classes = {
	};
	objectVersion = 46;
	objects = {

/* Begin PBXBuildFile section */
		CED47BBA2DAF4785F51E130B /* Pods_pea.framework in Frameworks */ = {isa = PBXBuildFile; fileRef = 4D93FD6EAD599E092B4EF19B /* Pods_pea.framework */; };
		E5B5D2CB1DB36AF600E14789 /* AppDelegate.swift in Sources */ = {isa = PBXBuildFile; fileRef = E5B5D2CA1DB36AF600E14789 /* AppDelegate.swift */; };
		E5B5D2CD1DB36AF600E14789 /* ViewController.swift in Sources */ = {isa = PBXBuildFile; fileRef = E5B5D2CC1DB36AF600E14789 /* ViewController.swift */; };
		E5B5D2D21DB36AF600E14789 /* Assets.xcassets in Resources */ = {isa = PBXBuildFile; fileRef = E5B5D2D11DB36AF600E14789 /* Assets.xcassets */; };
		E5B5D2D51DB36AF600E14789 /* LaunchScreen.storyboard in Resources */ = {isa = PBXBuildFile; fileRef = E5B5D2D31DB36AF600E14789 /* LaunchScreen.storyboard */; };
/* End PBXBuildFile section */

/* Begin PBXFileReference section */
		362EE4E8F5EA5FCA20FC6672 /* Pods-pea.debug.xcconfig */ = {isa = PBXFileReference; includeInIndex = 1; lastKnownFileType = text.xcconfig; name = "Pods-pea.debug.xcconfig"; path = "Pods/Target Support Files/Pods-pea/Pods-pea.debug.xcconfig"; sourceTree = "<group>"; };
		4D93FD6EAD599E092B4EF19B /* Pods_pea.framework */ = {isa = PBXFileReference; explicitFileType = wrapper.framework; includeInIndex = 0; path = Pods_pea.framework; sourceTree = BUILT_PRODUCTS_DIR; };
		53BF839F17C2E3562A115EB3 /* Pods-pea.release.xcconfig */ = {isa = PBXFileReference; includeInIndex = 1; lastKnownFileType = text.xcconfig; name = "Pods-pea.release.xcconfig"; path = "Pods/Target Support Files/Pods-pea/Pods-pea.release.xcconfig"; sourceTree = "<group>"; };
		E5B5D2C71DB36AF600E14789 /* pea.app */ = {isa = PBXFileReference; explicitFileType = wrapper.application; includeInIndex = 0; path = pea.app; sourceTree = BUILT_PRODUCTS_DIR; };
		E5B5D2CA1DB36AF600E14789 /* AppDelegate.swift */ = {isa = PBXFileReference; lastKnownFileType = sourcecode.swift; path = AppDelegate.swift; sourceTree = "<group>"; };
		E5B5D2CC1DB36AF600E14789 /* ViewController.swift */ = {isa = PBXFileReference; lastKnownFileType = sourcecode.swift; path = ViewController.swift; sourceTree = "<group>"; };
		E5B5D2D11DB36AF600E14789 /* Assets.xcassets */ = {isa = PBXFileReference; lastKnownFileType = folder.assetcatalog; path = Assets.xcassets; sourceTree = "<group>"; };
		E5B5D2D41DB36AF600E14789 /* Base */ = {isa = PBXFileReference; lastKnownFileType = file.storyboard; name = Base; path = Base.lproj/LaunchScreen.storyboard; sourceTree = "<group>"; };
		E5B5D2D61DB36AF600E14789 /* Info.plist */ = {isa = PBXFileReference; lastKnownFileType = text.plist.xml; path = Info.plist; sourceTree = "<group>"; };
/* End PBXFileReference section */

/* Begin PBXFrameworksBuildPhase section */
		E5B5D2C41DB36AF600E14789 /* Frameworks */ = {
			isa = PBXFrameworksBuildPhase;
			buildActionMask = 2147483647;
			files = (
				CED47BBA2DAF4785F51E130B /* Pods_pea.framework in Frameworks */,
			);
			runOnlyForDeploymentPostprocessing = 0;
		};
/* End PBXFrameworksBuildPhase section */

/* Begin PBXGroup section */
		2A10D16C0B119B4D21FAA2EA /* Pods */ = {
			isa = PBXGroup;
			children = (
				362EE4E8F5EA5FCA20FC6672 /* Pods-pea.debug.xcconfig */,
				53BF839F17C2E3562A115EB3 /* Pods-pea.release.xcconfig */,
			);
			name = Pods;
			sourceTree = "<group>";
		};
		3D4915383714044E955D2278 /* Frameworks */ = {
			isa = PBXGroup;
			children = (
				4D93FD6EAD599E092B4EF19B /* Pods_pea.framework */,
			);
			name = Frameworks;
			sourceTree = "<group>";
		};
		E5B5D2BE1DB36AF500E14789 = {
			isa = PBXGroup;
			children = (
				E5B5D2C91DB36AF600E14789 /* pea */,
				E5B5D2C81DB36AF600E14789 /* Products */,
				2A10D16C0B119B4D21FAA2EA /* Pods */,
				3D4915383714044E955D2278 /* Frameworks */,
			);
			sourceTree = "<group>";
		};
		E5B5D2C81DB36AF600E14789 /* Products */ = {
			isa = PBXGroup;
			children = (
				E5B5D2C71DB36AF600E14789 /* pea.app */,
			);
			name = Products;
			sourceTree = "<group>";
		};
		E5B5D2C91DB36AF600E14789 /* pea */ = {
			isa = PBXGroup;
			children = (
				E5B5D2CA1DB36AF600E14789 /* AppDelegate.swift */,
				E5B5D2CC1DB36AF600E14789 /* ViewController.swift */,
				E5B5D2D11DB36AF600E14789 /* Assets.xcassets */,
				E5B5D2D31DB36AF600E14789 /* LaunchScreen.storyboard */,
				E5B5D2D61DB36AF600E14789 /* Info.plist */,
			);
			path = pea;
			sourceTree = "<group>";
		};
/* End PBXGroup section */

/* Begin PBXNativeTarget section */
		E5B5D2C61DB36AF600E14789 /* pea */ = {
			isa = PBXNativeTarget;
			buildConfigurationList = E5B5D2D91DB36AF600E14789 /* Build configuration list for PBXNativeTarget "pea" */;
			buildPhases = (
				B1FCDCCF9D690D267ADFBC07 /* [CP] Check Pods Manifest.lock */,
				E5B5D2C31DB36AF600E14789 /* Sources */,
				E5B5D2C41DB36AF600E14789 /* Frameworks */,
				E5B5D2C51DB36AF600E14789 /* Resources */,
				364FACE5ED41480FB9A49F4C /* [CP] Embed Pods Frameworks */,
				EF1378CC0715229FA2A33755 /* [CP] Copy Pods Resources */,
			);
			buildRules = (
			);
			dependencies = (
			);
			name = pea;
			productName = pea;
			productReference = E5B5D2C71DB36AF600E14789 /* pea.app */;
			productType = "com.apple.product-type.application";
		};
/* End PBXNativeTarget section */

/* Begin PBXProject section */
		E5B5D2BF1DB36AF600E14789 /* Project object */ = {
			isa = PBXProject;
			attributes = {
				LastSwiftUpdateCheck = 0800;
				LastUpgradeCheck = 0800;
				ORGANIZATIONNAME = hx;
				TargetAttributes = {
					E5B5D2C61DB36AF600E14789 = {
						CreatedOnToolsVersion = 8.0;
						ProvisioningStyle = Automatic;
					};
				};
			};
			buildConfigurationList = E5B5D2C21DB36AF600E14789 /* Build configuration list for PBXProject "pea" */;
			compatibilityVersion = "Xcode 3.2";
			developmentRegion = English;
			hasScannedForEncodings = 0;
			knownRegions = (
				en,
				Base,
			);
			mainGroup = E5B5D2BE1DB36AF500E14789;
			productRefGroup = E5B5D2C81DB36AF600E14789 /* Products */;
			projectDirPath = "";
			projectRoot = "";
			targets = (
				E5B5D2C61DB36AF600E14789 /* pea */,
			);
		};
/* End PBXProject section */

/* Begin PBXResourcesBuildPhase section */
		E5B5D2C51DB36AF600E14789 /* Resources */ = {
			isa = PBXResourcesBuildPhase;
			buildActionMask = 2147483647;
			files = (
				E5B5D2D51DB36AF600E14789 /* LaunchScreen.storyboard in Resources */,
				E5B5D2D21DB36AF600E14789 /* Assets.xcassets in Resources */,
			);
			runOnlyForDeploymentPostprocessing = 0;
		};
/* End PBXResourcesBuildPhase section */

/* Begin PBXShellScriptBuildPhase section */
		364FACE5ED41480FB9A49F4C /* [CP] Embed Pods Frameworks */ = {
			isa = PBXShellScriptBuildPhase;
			buildActionMask = 2147483647;
			files = (
			);
			inputPaths = (
			);
			name = "[CP] Embed Pods Frameworks";
			outputPaths = (
			);
			runOnlyForDeploymentPostprocessing = 0;
			shellPath = /bin/sh;
			shellScript = "\"${SRCROOT}/Pods/Target Support Files/Pods-pea/Pods-pea-frameworks.sh\"\n";
			showEnvVarsInLog = 0;
		};
		B1FCDCCF9D690D267ADFBC07 /* [CP] Check Pods Manifest.lock */ = {
			isa = PBXShellScriptBuildPhase;
			buildActionMask = 2147483647;
			files = (
			);
			inputPaths = (
			);
			name = "[CP] Check Pods Manifest.lock";
			outputPaths = (
			);
			runOnlyForDeploymentPostprocessing = 0;
			shellPath = /bin/sh;
			shellScript = "diff \"${PODS_ROOT}/../Podfile.lock\" \"${PODS_ROOT}/Manifest.lock\" > /dev/null\nif [[ $? != 0 ]] ; then\n    cat << EOM\nerror: The sandbox is not in sync with the Podfile.lock. Run 'pod install' or update your CocoaPods installation.\nEOM\n    exit 1\nfi\n";
			showEnvVarsInLog = 0;
		};
		EF1378CC0715229FA2A33755 /* [CP] Copy Pods Resources */ = {
			isa = PBXShellScriptBuildPhase;
			buildActionMask = 2147483647;
			files = (
			);
			inputPaths = (
			);
			name = "[CP] Copy Pods Resources";
			outputPaths = (
			);
			runOnlyForDeploymentPostprocessing = 0;
			shellPath = /bin/sh;
			shellScript = "\"${SRCROOT}/Pods/Target Support Files/Pods-pea/Pods-pea-resources.sh\"\n";
			showEnvVarsInLog = 0;
		};
/* End PBXShellScriptBuildPhase section */

/* Begin PBXSourcesBuildPhase section */
		E5B5D2C31DB36AF600E14789 /* Sources */ = {
			isa = PBXSourcesBuildPhase;
			buildActionMask = 2147483647;
			files = (
				E5B5D2CD1DB36AF600E14789 /* ViewController.swift in Sources */,
				E5B5D2CB1DB36AF600E14789 /* AppDelegate.swift in Sources */,
			);
			runOnlyForDeploymentPostprocessing = 0;
		};
/* End PBXSourcesBuildPhase section */

/* Begin PBXVariantGroup section */
		E5B5D2D31DB36AF600E14789 /* LaunchScreen.storyboard */ = {
			isa = PBXVariantGroup;
			children = (
				E5B5D2D41DB36AF600E14789 /* Base */,
			);
			name = LaunchScreen.storyboard;
			sourceTree = "<group>";
		};
/* End PBXVariantGroup section */

/* Begin XCBuildConfiguration section */
		E5B5D2D71DB36AF600E14789 /* Debug */ = {
			isa = XCBuildConfiguration;
			buildSettings = {
				ALWAYS_SEARCH_USER_PATHS = NO;
				CLANG_ANALYZER_NONNULL = YES;
				CLANG_CXX_LANGUAGE_STANDARD = "gnu++0x";
				CLANG_CXX_LIBRARY = "libc++";
				CLANG_ENABLE_MODULES = YES;
				CLANG_ENABLE_OBJC_ARC = YES;
				CLANG_WARN_BOOL_CONVERSION = YES;
				CLANG_WARN_CONSTANT_CONVERSION = YES;
				CLANG_WARN_DIRECT_OBJC_ISA_USAGE = YES_ERROR;
				CLANG_WARN_DOCUMENTATION_COMMENTS = YES;
				CLANG_WARN_EMPTY_BODY = YES;
				CLANG_WARN_ENUM_CONVERSION = YES;
				CLANG_WARN_INFINITE_RECURSION = YES;
				CLANG_WARN_INT_CONVERSION = YES;
				CLANG_WARN_OBJC_ROOT_CLASS = YES_ERROR;
				CLANG_WARN_SUSPICIOUS_MOVES = YES;
				CLANG_WARN_UNREACHABLE_CODE = YES;
				CLANG_WARN__DUPLICATE_METHOD_MATCH = YES;
				"CODE_SIGN_IDENTITY[sdk=iphoneos*]" = "iPhone Developer";
				COPY_PHASE_STRIP = NO;
				DEBUG_INFORMATION_FORMAT = dwarf;
				ENABLE_STRICT_OBJC_MSGSEND = YES;
				ENABLE_TESTABILITY = YES;
				GCC_C_LANGUAGE_STANDARD = gnu99;
				GCC_DYNAMIC_NO_PIC = NO;
				GCC_NO_COMMON_BLOCKS = YES;
				GCC_OPTIMIZATION_LEVEL = 0;
				GCC_PREPROCESSOR_DEFINITIONS = (
					"DEBUG=1",
					"$(inherited)",
				);
				GCC_WARN_64_TO_32_BIT_CONVERSION = YES;
				GCC_WARN_ABOUT_RETURN_TYPE = YES_ERROR;
				GCC_WARN_UNDECLARED_SELECTOR = YES;
				GCC_WARN_UNINITIALIZED_AUTOS = YES_AGGRESSIVE;
				GCC_WARN_UNUSED_FUNCTION = YES;
				GCC_WARN_UNUSED_VARIABLE = YES;
				IPHONEOS_DEPLOYMENT_TARGET = 10.0;
				MTL_ENABLE_DEBUG_INFO = YES;
				ONLY_ACTIVE_ARCH = YES;
				SDKROOT = iphoneos;
				SWIFT_ACTIVE_COMPILATION_CONDITIONS = DEBUG;
				SWIFT_OPTIMIZATION_LEVEL = "-Onone";
			};
			name = Debug;
		};
		E5B5D2D81DB36AF600E14789 /* Release */ = {
			isa = XCBuildConfiguration;
			buildSettings = {
				ALWAYS_SEARCH_USER_PATHS = NO;
				CLANG_ANALYZER_NONNULL = YES;
				CLANG_CXX_LANGUAGE_STANDARD = "gnu++0x";
				CLANG_CXX_LIBRARY = "libc++";
				CLANG_ENABLE_MODULES = YES;
				CLANG_ENABLE_OBJC_ARC = YES;
				CLANG_WARN_BOOL_CONVERSION = YES;
				CLANG_WARN_CONSTANT_CONVERSION = YES;
				CLANG_WARN_DIRECT_OBJC_ISA_USAGE = YES_ERROR;
				CLANG_WARN_DOCUMENTATION_COMMENTS = YES;
				CLANG_WARN_EMPTY_BODY = YES;
				CLANG_WARN_ENUM_CONVERSION = YES;
				CLANG_WARN_INFINITE_RECURSION = YES;
				CLANG_WARN_INT_CONVERSION = YES;
				CLANG_WARN_OBJC_ROOT_CLASS = YES_ERROR;
				CLANG_WARN_SUSPICIOUS_MOVES = YES;
				CLANG_WARN_UNREACHABLE_CODE = YES;
				CLANG_WARN__DUPLICATE_METHOD_MATCH = YES;
				"CODE_SIGN_IDENTITY[sdk=iphoneos*]" = "iPhone Developer";
				COPY_PHASE_STRIP = NO;
				DEBUG_INFORMATION_FORMAT = "dwarf-with-dsym";
				ENABLE_NS_ASSERTIONS = NO;
				ENABLE_STRICT_OBJC_MSGSEND = YES;
				GCC_C_LANGUAGE_STANDARD = gnu99;
				GCC_NO_COMMON_BLOCKS = YES;
				GCC_WARN_64_TO_32_BIT_CONVERSION = YES;
				GCC_WARN_ABOUT_RETURN_TYPE = YES_ERROR;
				GCC_WARN_UNDECLARED_SELECTOR = YES;
				GCC_WARN_UNINITIALIZED_AUTOS = YES_AGGRESSIVE;
				GCC_WARN_UNUSED_FUNCTION = YES;
				GCC_WARN_UNUSED_VARIABLE = YES;
				IPHONEOS_DEPLOYMENT_TARGET = 10.0;
				MTL_ENABLE_DEBUG_INFO = NO;
				SDKROOT = iphoneos;
				SWIFT_OPTIMIZATION_LEVEL = "-Owholemodule";
				VALIDATE_PRODUCT = YES;
			};
			name = Release;
		};
		E5B5D2DA1DB36AF600E14789 /* Debug */ = {
			isa = XCBuildConfiguration;
			baseConfigurationReference = 362EE4E8F5EA5FCA20FC6672 /* Pods-pea.debug.xcconfig */;
			buildSettings = {
				ASSETCATALOG_COMPILER_APPICON_NAME = AppIcon;
				INFOPLIST_FILE = pea/Info.plist;
				LD_RUNPATH_SEARCH_PATHS = "$(inherited) @executable_path/Frameworks";
				PRODUCT_BUNDLE_IDENTIFIER = hx.pea;
				PRODUCT_NAME = "$(TARGET_NAME)";
				SWIFT_VERSION = 3.0;
			};
			name = Debug;
		};
		E5B5D2DB1DB36AF600E14789 /* Release */ = {
			isa = XCBuildConfiguration;
			baseConfigurationReference = 53BF839F17C2E3562A115EB3 /* Pods-pea.release.xcconfig */;
			buildSettings = {
				ASSETCATALOG_COMPILER_APPICON_NAME = AppIcon;
				INFOPLIST_FILE = pea/Info.plist;
				LD_RUNPATH_SEARCH_PATHS = "$(inherited) @executable_path/Frameworks";
				PRODUCT_BUNDLE_IDENTIFIER = hx.pea;
				PRODUCT_NAME = "$(TARGET_NAME)";
				SWIFT_VERSION = 3.0;
			};
			name = Release;
		};
/* End XCBuildConfiguration section */

/* Begin XCConfigurationList section */
		E5B5D2C21DB36AF600E14789 /* Build configuration list for PBXProject "pea" */ = {
			isa = XCConfigurationList;
			buildConfigurations = (
				E5B5D2D71DB36AF600E14789 /* Debug */,
				E5B5D2D81DB36AF600E14789 /* Release */,
			);
			defaultConfigurationIsVisible = 0;
			defaultConfigurationName = Release;
		};
		E5B5D2D91DB36AF600E14789 /* Build configuration list for PBXNativeTarget "pea" */ = {
			isa = XCConfigurationList;
			buildConfigurations = (
				E5B5D2DA1DB36AF600E14789 /* Debug */,
				E5B5D2DB1DB36AF600E14789 /* Release */,
			);
			defaultConfigurationIsVisible = 0;
			defaultConfigurationName = Release;
		};
/* End XCConfigurationList section */
	};
	rootObject = E5B5D2BF1DB36AF600E14789 /* Project object */;
}
